apiVersion: s3.aws.m.upbound.io/v1beta1
kind: BucketPublicAccessBlock
metadata:
  name: testy-test-test
  namespace: apps-testy-test-test
spec:
  forProvider:
    region: eu-west-2
    bucketRef:
      name: testy-test-test
    blockPublicAcls: false
    blockPublicPolicy: false
    ignorePublicAcls: false
    restrictPublicBuckets: false
  providerConfigRef:
    name: default
    kind: ClusterProviderConfig
