apiVersion: s3.aws.m.upbound.io/v1beta1
kind: BucketPublicAccessBlock
metadata:
  name: test-this
  namespace: apps-test-this
spec:
  forProvider:
    region: eu-west-2
    bucketRef:
      name: test-this
    blockPublicAcls: false
    blockPublicPolicy: false
    ignorePublicAcls: false
    restrictPublicBuckets: false
  providerConfigRef:
    name: default
    kind: ClusterProviderConfig
